dependencies:
- name: denji
  repository: oci://registry-1.docker.io/yaiamcharts
  version: 0.1.0-alpha.4.2
- name: power
  repository: oci://registry-1.docker.io/yaiamcharts
  version: 0.1.0-alpha.4
- name: cosmo
  repository: oci://registry-1.docker.io/yaiamcharts
  version: 0.1.0-alpha.3
digest: sha256:36967db0edbc0de93c4c6b255d9e978f8d8201d95eec21089db1de5f8e7431c0
generated: "2023-12-19T22:01:38.808297+03:00"
