dependencies:
- name: denji
  repository: oci://registry-1.docker.io/yaiamcharts
  version: 0.1.0-alpha.4.2
- name: power
  repository: oci://registry-1.docker.io/yaiamcharts
  version: 0.1.0-alpha.4.1
- name: cosmo
  repository: oci://registry-1.docker.io/yaiamcharts
  version: 0.1.0-alpha.3
digest: sha256:d8a8786dec8cc76947c243c55e7dcba1bd28fc2631da21ff48e234d45ba10e82
generated: "2023-12-19T22:08:35.649018+03:00"
